
Microsoft Visual Studio Solution File, Format Version 12.00
# Visual Studio Version 17
VisualStudioVersion = 17.2.32519.379
MinimumVisualStudioVersion = 10.0.40219.1
Project("{FAE04EC0-301F-11D3-BF4B-00C04F79EFBC}") = "Tennis", "Tennis.csproj", "{0C850FD1-7117-4419-93D1-A8924676AB53}"
EndProject
Global
	GlobalSection(SolutionConfigurationPlatforms) = preSolution
		Debug|Any CPU = Debug|Any CPU
		Release|Any CPU = Release|Any CPU
	EndGlobalSection
	GlobalSection(ProjectConfigurationPlatforms) = postSolution
		{0C850FD1-7117-4419-93D1-A8924676AB53}.Debug|Any CPU.ActiveCfg = Debug|Any CPU
		{0C850FD1-7117-4419-93D1-A8924676AB53}.Debug|Any CPU.Build.0 = Debug|Any CPU
		{0C850FD1-7117-4419-93D1-A8924676AB53}.Release|Any CPU.ActiveCfg = Release|Any CPU
		{0C850FD1-7117-4419-93D1-A8924676AB53}.Release|Any CPU.Build.0 = Release|Any CPU
	EndGlobalSection
	GlobalSection(SolutionProperties) = preSolution
		HideSolutionNode = FALSE
	EndGlobalSection
	GlobalSection(ExtensibilityGlobals) = postSolution
		SolutionGuid = {8B2B1A33-05E8-4AD5-93FE-7BE47B2971D1}
	EndGlobalSection
EndGlobal
